{
  "version": 4,
  "terraform_version": "1.13.5",
  "serial": 18,
  "lineage": "eae29446-489e-4236-5d6b-17691d824b92",
  "outputs": {},
  "resources": [
    {
      "mode": "managed",
      "type": "local_file",
      "name": "my_pet",
      "provider": "provider[\"registry.terraform.io/hashicorp/local\"]",
      "instances": [
        {
          "schema_version": 0,
          "attributes": {
            "content": " My pet's name is subramani ! ",
            "content_base64": null,
            "content_base64sha256": "CpbwDzjgy5PlxAT87UinL2uYZf3NS8NZsTAGXJ2zvC0=",
            "content_base64sha512": "EZTy/HTAJOv9JDTHd4+Gpur0iRhvBg2oqBVky9HuGeI/J0KyUlKTs4F8T5gyjYazdDaR4myoaVoZx0uuQbFnLA==",
            "content_md5": "7dd2390e2dc771a94dbf4114fc188c2c",
            "content_sha1": "82babaaa7fd3430bd2e5cb2dab073fa619c891c0",
            "content_sha256": "0a96f00f38e0cb93e5c404fced48a72f6b9865fdcd4bc359b130065c9db3bc2d",
            "content_sha512": "1194f2fc74c024ebfd2434c7778f86a6eaf489186f060da8a81564cbd1ee19e23f2742b2525293b3817c4f98328d86b3743691e26ca8695a19c74bae41b1672c",
            "directory_permission": "0777",
            "file_permission": "0777",
            "filename": "pets.txt",
            "id": "82babaaa7fd3430bd2e5cb2dab073fa619c891c0",
            "sensitive_content": null,
            "source": null
          },
          "sensitive_attributes": [
            [
              {
                "type": "get_attr",
                "value": "sensitive_content"
              }
            ]
          ],
          "identity_schema_version": 0
        }
      ]
    },
    {
      "mode": "managed",
      "type": "random_pet",
      "name": "my-pet",
      "provider": "provider[\"registry.terraform.io/hashicorp/random\"]",
      "instances": [
        {
          "schema_version": 0,
          "attributes": {
            "id": "MR.spider",
            "keepers": null,
            "length": 1,
            "prefix": "MR",
            "separator": "."
          },
          "sensitive_attributes": [],
          "identity_schema_version": 0
        }
      ]
    }
  ],
  "check_results": null
}
