{
  "version": 4,
  "terraform_version": "1.13.5",
  "serial": 36,
  "lineage": "e3e34d41-4f95-9212-8de9-96205387bfde",
  "outputs": {},
  "resources": [
    {
      "mode": "managed",
      "type": "local_file",
      "name": "my_pet",
      "provider": "provider[\"registry.terraform.io/hashicorp/local\"]",
      "instances": [
        {
          "schema_version": 0,
          "attributes": {
            "content": "monkey",
            "content_base64": null,
            "content_base64sha256": "AAwoVFf8lx+GKnm3hkdseIEsiJcGPG+pwEX1eaOy1j8=",
            "content_base64sha512": "ZaDvRd9QmtHPAVAbKhsSzC+6wPAKMa5vPdw2E5aVUhb7Ok2E4Y3BBl3/MR45Q4eLwL24pgyu/S+9xrKnV6MgSw==",
            "content_md5": "d0763edaa9d9bd2a9516280e9044d885",
            "content_sha1": "ab87d24bdc7452e55738deb5f868e1f16dea5ace",
            "content_sha256": "000c285457fc971f862a79b786476c78812c8897063c6fa9c045f579a3b2d63f",
            "content_sha512": "65a0ef45df509ad1cf01501b2a1b12cc2fbac0f00a31ae6f3ddc361396955216fb3a4d84e18dc1065dff311e3943878bc0bdb8a60caefd2fbdc6b2a757a3204b",
            "directory_permission": "0777",
            "file_permission": "0777",
            "filename": "pet",
            "id": "ab87d24bdc7452e55738deb5f868e1f16dea5ace",
            "sensitive_content": null,
            "source": null
          },
          "sensitive_attributes": [
            [
              {
                "type": "get_attr",
                "value": "sensitive_content"
              }
            ]
          ],
          "identity_schema_version": 0
        }
      ]
    },
    {
      "mode": "managed",
      "type": "random_pet",
      "name": "my-pet",
      "provider": "provider[\"registry.terraform.io/hashicorp/random\"]",
      "instances": [
        {
          "schema_version": 0,
          "attributes": {
            "id": "Miss.raven",
            "keepers": null,
            "length": 1,
            "prefix": "Miss",
            "separator": "."
          },
          "sensitive_attributes": [],
          "identity_schema_version": 0
        }
      ]
    }
  ],
  "check_results": null
}
