{
  "version": 4,
  "terraform_version": "1.13.5",
  "serial": 33,
  "lineage": "e3e34d41-4f95-9212-8de9-96205387bfde",
  "outputs": {},
  "resources": [
    {
      "mode": "managed",
      "type": "local_file",
      "name": "my_pet",
      "provider": "provider[\"registry.terraform.io/hashicorp/local\"]",
      "instances": [
        {
          "schema_version": 0,
          "attributes": {
            "content": "My Dog name is Cheetah",
            "content_base64": null,
            "content_base64sha256": "0vRlY2tuuQOKKcsLqhQRlGq7Dm+D8B6DNVTfu3KOo/w=",
            "content_base64sha512": "a6JCZy6Kgn4ISWiNNkXErlf6jExiBb5IIxJ5qdQXzUZEZACiuLPJajoTv4aDQrScdKmeurNrM2uD8fP6IOIGhQ==",
            "content_md5": "eff24fbe17ee636cd4d48bebbbce57f5",
            "content_sha1": "044de572f817fe4c8c267741c209b7485378355e",
            "content_sha256": "d2f465636b6eb9038a29cb0baa1411946abb0e6f83f01e833554dfbb728ea3fc",
            "content_sha512": "6ba242672e8a827e0849688d3645c4ae57fa8c4c6205be48231279a9d417cd46446400a2b8b3c96a3a13bf868342b49c74a99ebab36b336b83f1f3fa20e20685",
            "directory_permission": "0777",
            "file_permission": "0777",
            "filename": "pet.txt",
            "id": "044de572f817fe4c8c267741c209b7485378355e",
            "sensitive_content": null,
            "source": null
          },
          "sensitive_attributes": [
            [
              {
                "type": "get_attr",
                "value": "sensitive_content"
              }
            ]
          ],
          "identity_schema_version": 0
        }
      ]
    },
    {
      "mode": "managed",
      "type": "random_pet",
      "name": "my-pet",
      "provider": "provider[\"registry.terraform.io/hashicorp/random\"]",
      "instances": [
        {
          "schema_version": 0,
          "attributes": {
            "id": "Miss.raven",
            "keepers": null,
            "length": 1,
            "prefix": "Miss",
            "separator": "."
          },
          "sensitive_attributes": [],
          "identity_schema_version": 0
        }
      ]
    }
  ],
  "check_results": null
}
